
Microsoft Visual Studio Solution File, Format Version 12.00
# Visual Studio Version 17
VisualStudioVersion = 17.6.33723.286
MinimumVisualStudioVersion = 10.0.40219.1
Project("{888888A0-9F3D-457C-B088-3A5042F75D52}") = "Email Counter", "Email Counter\Email Counter.pyproj", "{B30D851A-7510-4A54-A7EB-774884F671A3}"
EndProject
Global
	GlobalSection(SolutionConfigurationPlatforms) = preSolution
		Debug|Any CPU = Debug|Any CPU
		Release|Any CPU = Release|Any CPU
	EndGlobalSection
	GlobalSection(ProjectConfigurationPlatforms) = postSolution
		{B30D851A-7510-4A54-A7EB-774884F671A3}.Debug|Any CPU.ActiveCfg = Debug|Any CPU
		{B30D851A-7510-4A54-A7EB-774884F671A3}.Release|Any CPU.ActiveCfg = Release|Any CPU
	EndGlobalSection
	GlobalSection(SolutionProperties) = preSolution
		HideSolutionNode = FALSE
	EndGlobalSection
	GlobalSection(ExtensibilityGlobals) = postSolution
		SolutionGuid = {27458D5B-9F57-4025-A288-07E2B221D756}
	EndGlobalSection
EndGlobal
